// !$*UTF8*$!
{
	archiveVersion = 1;
	classes = {
	};
	objectVersion = 46;
	objects = {

/* Begin PBXBuildFile section */
		0025DF3E1CCC771100DC2B22 /* Empty.png in Resources */ = {isa = PBXBuildFile; fileRef = 0025DF3D1CCC771100DC2B22 /* Empty.png */; };
		0025DF401CCC771C00DC2B22 /* Full.png in Resources */ = {isa = PBXBuildFile; fileRef = 0025DF3F1CCC771C00DC2B22 /* Full.png */; };
		0025DF421CCC772300DC2B22 /* Medium.png in Resources */ = {isa = PBXBuildFile; fileRef = 0025DF411CCC772300DC2B22 /* Medium.png */; };
		0090BCE91CD3A4F0007AF237 /* Green.png in Resources */ = {isa = PBXBuildFile; fileRef = 0090BCE61CD3A4F0007AF237 /* Green.png */; };
		0090BCEA1CD3A4F0007AF237 /* Orange.png in Resources */ = {isa = PBXBuildFile; fileRef = 0090BCE71CD3A4F0007AF237 /* Orange.png */; };
		0090BCEB1CD3A4F0007AF237 /* Red.png in Resources */ = {isa = PBXBuildFile; fileRef = 0090BCE81CD3A4F0007AF237 /* Red.png */; };
		0090BCEE1CD3B37F007AF237 /* frontpage.png in Resources */ = {isa = PBXBuildFile; fileRef = 0090BCEC1CD3B37F007AF237 /* frontpage.png */; };
		0090BCEF1CD3B37F007AF237 /* Info.png in Resources */ = {isa = PBXBuildFile; fileRef = 0090BCED1CD3B37F007AF237 /* Info.png */; };
		0090BCF11CD3B91B007AF237 /* Info1.png in Resources */ = {isa = PBXBuildFile; fileRef = 0090BCF01CD3B91B007AF237 /* Info1.png */; };
		0090BCF31CD6BFF6007AF237 /* ContentViewController.swift in Sources */ = {isa = PBXBuildFile; fileRef = 0090BCF21CD6BFF6007AF237 /* ContentViewController.swift */; };
		400FA8A11CA3296100605C5C /* Images.xcassets in Resources */ = {isa = PBXBuildFile; fileRef = 400FA8A01CA3296100605C5C /* Images.xcassets */; };
		401085AF1CBCAA5F002516A4 /* SCA.plist in Resources */ = {isa = PBXBuildFile; fileRef = 401085AE1CBCAA5F002516A4 /* SCA.plist */; };
		401085B11CBCAD5D002516A4 /* Trax.plist in Resources */ = {isa = PBXBuildFile; fileRef = 401085B01CBCAD5D002516A4 /* Trax.plist */; };
		401174531C8555D000080D07 /* AppDelegate.swift in Sources */ = {isa = PBXBuildFile; fileRef = 401174521C8555D000080D07 /* AppDelegate.swift */; };
		401174551C8555D000080D07 /* ViewController.swift in Sources */ = {isa = PBXBuildFile; fileRef = 401174541C8555D000080D07 /* ViewController.swift */; };
		401174581C8555D000080D07 /* Main.storyboard in Resources */ = {isa = PBXBuildFile; fileRef = 401174561C8555D000080D07 /* Main.storyboard */; };
		4011745D1C8555D000080D07 /* LaunchScreen.storyboard in Resources */ = {isa = PBXBuildFile; fileRef = 4011745B1C8555D000080D07 /* LaunchScreen.storyboard */; };
		401174681C8555D000080D07 /* ParkMeTests.swift in Sources */ = {isa = PBXBuildFile; fileRef = 401174671C8555D000080D07 /* ParkMeTests.swift */; };
		401174731C8555D000080D07 /* ParkMeUITests.swift in Sources */ = {isa = PBXBuildFile; fileRef = 401174721C8555D000080D07 /* ParkMeUITests.swift */; };
		40162E4A1CCD9CFC002EC230 /* Error-48.png in Resources */ = {isa = PBXBuildFile; fileRef = 40162E491CCD9CFC002EC230 /* Error-48.png */; };
		401C69E41CD038730038E7ED /* reportViewController.swift in Sources */ = {isa = PBXBuildFile; fileRef = 401C69E31CD038730038E7ED /* reportViewController.swift */; };
		401C69E61CD04AED0038E7ED /* reportHeaderView.swift in Sources */ = {isa = PBXBuildFile; fileRef = 401C69E51CD04AED0038E7ED /* reportHeaderView.swift */; };
		401DE0D11CBAF2A9001BF35B /* ACWS.plist in Resources */ = {isa = PBXBuildFile; fileRef = 401DE0D01CBAF2A9001BF35B /* ACWS.plist */; };
		402BFA171CD5575600C0634E /* customPageViewController.swift in Sources */ = {isa = PBXBuildFile; fileRef = 402BFA161CD5575600C0634E /* customPageViewController.swift */; };
		40371AF51CD0F4A4000737CC /* AcademicWest.png in Resources */ = {isa = PBXBuildFile; fileRef = 40371AEE1CD0F4A4000737CC /* AcademicWest.png */; };
		40371AF61CD0F4A4000737CC /* Breakiron.png in Resources */ = {isa = PBXBuildFile; fileRef = 40371AEF1CD0F4A4000737CC /* Breakiron.png */; };
		40371AF71CD0F4A4000737CC /* cornerhouse.png in Resources */ = {isa = PBXBuildFile; fileRef = 40371AF01CD0F4A4000737CC /* cornerhouse.png */; };
		40371AF81CD0F4A4000737CC /* McDonnell.png in Resources */ = {isa = PBXBuildFile; fileRef = 40371AF11CD0F4A4000737CC /* McDonnell.png */; };
		40371AF91CD0F4A4000737CC /* Smith.png in Resources */ = {isa = PBXBuildFile; fileRef = 40371AF21CD0F4A4000737CC /* Smith.png */; };
		40371AFA1CD0F4A4000737CC /* South Campus Apartment.png in Resources */ = {isa = PBXBuildFile; fileRef = 40371AF31CD0F4A4000737CC /* South Campus Apartment.png */; };
		40371AFB1CD0F4A4000737CC /* Trax.png in Resources */ = {isa = PBXBuildFile; fileRef = 40371AF41CD0F4A4000737CC /* Trax.png */; };
		40371B021CD0F89F000737CC /* NotificationCenter.framework in Frameworks */ = {isa = PBXBuildFile; fileRef = 40371B011CD0F89F000737CC /* NotificationCenter.framework */; };
		403D86C51CB9DAD900B9F2B0 /* Lots.swift in Sources */ = {isa = PBXBuildFile; fileRef = 403D86C41CB9DAD900B9F2B0 /* Lots.swift */; };
		403D86C91CB9E99400B9F2B0 /* BRKI.plist in Resources */ = {isa = PBXBuildFile; fileRef = 403D86C81CB9E99400B9F2B0 /* BRKI.plist */; };
		404C1CE41CCE5429008FAA29 /* CornerHouse.plist in Resources */ = {isa = PBXBuildFile; fileRef = 404C1CE31CCE5429008FAA29 /* CornerHouse.plist */; };
		4056B1DE1CD6EEEC00C2F630 /* NotificationCenter.framework in Frameworks */ = {isa = PBXBuildFile; fileRef = 40371B011CD0F89F000737CC /* NotificationCenter.framework */; };
		4056B1E11CD6EEEC00C2F630 /* TodayViewController.swift in Sources */ = {isa = PBXBuildFile; fileRef = 4056B1E01CD6EEEC00C2F630 /* TodayViewController.swift */; };
		4056B1E41CD6EEEC00C2F630 /* MainInterface.storyboard in Resources */ = {isa = PBXBuildFile; fileRef = 4056B1E21CD6EEEC00C2F630 /* MainInterface.storyboard */; };
		4056B1E81CD6EEEC00C2F630 /* todayWidget.appex in Embed App Extensions */ = {isa = PBXBuildFile; fileRef = 4056B1DD1CD6EEEC00C2F630 /* todayWidget.appex */; settings = {ATTRIBUTES = (RemoveHeadersOnCopy, ); }; };
		4060390E1CCD69670046F1DA /* Error-100.png in Resources */ = {isa = PBXBuildFile; fileRef = 4060390D1CCD69670046F1DA /* Error-100.png */; };
		4090DF981CC0680200C5685A /* launch.png in Resources */ = {isa = PBXBuildFile; fileRef = 4090DF971CC0680200C5685A /* launch.png */; };
		4097E4F71CBB56E900201421 /* MCD.plist in Resources */ = {isa = PBXBuildFile; fileRef = 4097E4F61CBB56E900201421 /* MCD.plist */; };
		409DB6AE1CD685CB008DD65B /* customButton.swift in Sources */ = {isa = PBXBuildFile; fileRef = 409DB6AD1CD685CB008DD65B /* customButton.swift */; };
		40AAE7A51CBC69DD00C649F1 /* CoreLocation.framework in Frameworks */ = {isa = PBXBuildFile; fileRef = 40AAE7A41CBC69DD00C649F1 /* CoreLocation.framework */; };
		40B91D1B1CBB14A4009EF827 /* Smith.plist in Resources */ = {isa = PBXBuildFile; fileRef = 40B91D1A1CBB14A4009EF827 /* Smith.plist */; };
		40C7FAE21CBDB5F300C4D8E8 /* Firebase.framework in Frameworks */ = {isa = PBXBuildFile; fileRef = 40C7FAE11CBDB5F300C4D8E8 /* Firebase.framework */; };
		40C7FAE41CBDB60D00C4D8E8 /* libicucore.tbd in Frameworks */ = {isa = PBXBuildFile; fileRef = 40C7FAE31CBDB60D00C4D8E8 /* libicucore.tbd */; };
		40C7FAE61CBDB61A00C4D8E8 /* libc++.tbd in Frameworks */ = {isa = PBXBuildFile; fileRef = 40C7FAE51CBDB61A00C4D8E8 /* libc++.tbd */; };
		40C7FAE81CBDB62500C4D8E8 /* CFNetwork.framework in Frameworks */ = {isa = PBXBuildFile; fileRef = 40C7FAE71CBDB62500C4D8E8 /* CFNetwork.framework */; };
		40C7FAEA1CBDB63200C4D8E8 /* Security.framework in Frameworks */ = {isa = PBXBuildFile; fileRef = 40C7FAE91CBDB63200C4D8E8 /* Security.framework */; };
		40C7FAEC1CBDB63B00C4D8E8 /* SystemConfiguration.framework in Frameworks */ = {isa = PBXBuildFile; fileRef = 40C7FAEB1CBDB63B00C4D8E8 /* SystemConfiguration.framework */; };
		40C7FAEF1CBDBE3D00C4D8E8 /* database.swift in Sources */ = {isa = PBXBuildFile; fileRef = 40C7FAEE1CBDBE3D00C4D8E8 /* database.swift */; };
		40CCC90C1CD6BB8900DB2591 /* BWWalkthrough.framework in Frameworks */ = {isa = PBXBuildFile; fileRef = 40CCC9091CD6BB8900DB2591 /* BWWalkthrough.framework */; };
		40CCC90D1CD6BB8900DB2591 /* Material.framework in Frameworks */ = {isa = PBXBuildFile; fileRef = 40CCC90A1CD6BB8900DB2591 /* Material.framework */; };
		40CCC90E1CD6BB8900DB2591 /* SCLAlertView.framework in Frameworks */ = {isa = PBXBuildFile; fileRef = 40CCC90B1CD6BB8900DB2591 /* SCLAlertView.framework */; };
		40E359681CBE99C90030D6B5 /* CoreMotion.framework in Frameworks */ = {isa = PBXBuildFile; fileRef = 40E359671CBE99C90030D6B5 /* CoreMotion.framework */; };
		40E3596B1CBE9A420030D6B5 /* UserMotion.swift in Sources */ = {isa = PBXBuildFile; fileRef = 40E3596A1CBE9A420030D6B5 /* UserMotion.swift */; };
		40FB63231CD6DA0700112B55 /* DOFavoriteButton.swift in Sources */ = {isa = PBXBuildFile; fileRef = 40FB631E1CD6DA0700112B55 /* DOFavoriteButton.swift */; };
		40FDE7481CBAC3B400D9060A /* MapKit.framework in Frameworks */ = {isa = PBXBuildFile; fileRef = 40FDE7471CBAC3B400D9060A /* MapKit.framework */; };
		40FDE74C1CBAD04800D9060A /* Annotation.swift in Sources */ = {isa = PBXBuildFile; fileRef = 40FDE74B1CBAD04800D9060A /* Annotation.swift */; };
		8A36406DF01F27627A6C9963 /* Pods.framework in Frameworks */ = {isa = PBXBuildFile; fileRef = 7B272AF95CBD78B6A3BC47C4 /* Pods.framework */; };
/* End PBXBuildFile section */

/* Begin PBXContainerItemProxy section */
		401174641C8555D000080D07 /* PBXContainerItemProxy */ = {
			isa = PBXContainerItemProxy;
			containerPortal = 401174471C8555D000080D07 /* Project object */;
			proxyType = 1;
			remoteGlobalIDString = 4011744E1C8555D000080D07;
			remoteInfo = ParkMe;
		};
		4011746F1C8555D000080D07 /* PBXContainerItemProxy */ = {
			isa = PBXContainerItemProxy;
			containerPortal = 401174471C8555D000080D07 /* Project object */;
			proxyType = 1;
			remoteGlobalIDString = 4011744E1C8555D000080D07;
			remoteInfo = ParkMe;
		};
		4056B1E61CD6EEEC00C2F630 /* PBXContainerItemProxy */ = {
			isa = PBXContainerItemProxy;
			containerPortal = 401174471C8555D000080D07 /* Project object */;
			proxyType = 1;
			remoteGlobalIDString = 4056B1DC1CD6EEEC00C2F630;
			remoteInfo = todayWidget;
		};
/* End PBXContainerItemProxy section */

/* Begin PBXCopyFilesBuildPhase section */
		4056B1EC1CD6EEEC00C2F630 /* Embed App Extensions */ = {
			isa = PBXCopyFilesBuildPhase;
			buildActionMask = 2147483647;
			dstPath = "";
			dstSubfolderSpec = 13;
			files = (
				4056B1E81CD6EEEC00C2F630 /* todayWidget.appex in Embed App Extensions */,
			);
			name = "Embed App Extensions";
			runOnlyForDeploymentPostprocessing = 0;
		};
/* End PBXCopyFilesBuildPhase section */

/* Begin PBXFileReference section */
		0025DF3D1CCC771100DC2B22 /* Empty.png */ = {isa = PBXFileReference; lastKnownFileType = image.png; name = Empty.png; path = ParkMe/Empty.png; sourceTree = "<group>"; };
		0025DF3F1CCC771C00DC2B22 /* Full.png */ = {isa = PBXFileReference; lastKnownFileType = image.png; name = Full.png; path = ParkMe/Full.png; sourceTree = "<group>"; };
		0025DF411CCC772300DC2B22 /* Medium.png */ = {isa = PBXFileReference; lastKnownFileType = image.png; name = Medium.png; path = ParkMe/Medium.png; sourceTree = "<group>"; };
		0090BCE61CD3A4F0007AF237 /* Green.png */ = {isa = PBXFileReference; lastKnownFileType = image.png; path = Green.png; sourceTree = "<group>"; };
		0090BCE71CD3A4F0007AF237 /* Orange.png */ = {isa = PBXFileReference; lastKnownFileType = image.png; path = Orange.png; sourceTree = "<group>"; };
		0090BCE81CD3A4F0007AF237 /* Red.png */ = {isa = PBXFileReference; lastKnownFileType = image.png; path = Red.png; sourceTree = "<group>"; };
		0090BCEC1CD3B37F007AF237 /* frontpage.png */ = {isa = PBXFileReference; lastKnownFileType = image.png; path = frontpage.png; sourceTree = "<group>"; };
		0090BCED1CD3B37F007AF237 /* Info.png */ = {isa = PBXFileReference; lastKnownFileType = image.png; path = Info.png; sourceTree = "<group>"; };
		0090BCF01CD3B91B007AF237 /* Info1.png */ = {isa = PBXFileReference; lastKnownFileType = image.png; path = Info1.png; sourceTree = "<group>"; };
		0090BCF21CD6BFF6007AF237 /* ContentViewController.swift */ = {isa = PBXFileReference; fileEncoding = 4; lastKnownFileType = sourcecode.swift; path = ContentViewController.swift; sourceTree = "<group>"; };
		400FA8A01CA3296100605C5C /* Images.xcassets */ = {isa = PBXFileReference; lastKnownFileType = folder.assetcatalog; path = Images.xcassets; sourceTree = "<group>"; };
		401085AE1CBCAA5F002516A4 /* SCA.plist */ = {isa = PBXFileReference; fileEncoding = 4; lastKnownFileType = text.plist.xml; path = SCA.plist; sourceTree = "<group>"; };
		401085B01CBCAD5D002516A4 /* Trax.plist */ = {isa = PBXFileReference; fileEncoding = 4; lastKnownFileType = text.plist.xml; path = Trax.plist; sourceTree = "<group>"; };
		4011744F1C8555D000080D07 /* ParkMe.app */ = {isa = PBXFileReference; explicitFileType = wrapper.application; includeInIndex = 0; path = ParkMe.app; sourceTree = BUILT_PRODUCTS_DIR; };
		401174521C8555D000080D07 /* AppDelegate.swift */ = {isa = PBXFileReference; lastKnownFileType = sourcecode.swift; path = AppDelegate.swift; sourceTree = "<group>"; };
		401174541C8555D000080D07 /* ViewController.swift */ = {isa = PBXFileReference; lastKnownFileType = sourcecode.swift; path = ViewController.swift; sourceTree = "<group>"; };
		401174571C8555D000080D07 /* Base */ = {isa = PBXFileReference; lastKnownFileType = file.storyboard; name = Base; path = Base.lproj/Main.storyboard; sourceTree = "<group>"; };
		4011745C1C8555D000080D07 /* Base */ = {isa = PBXFileReference; lastKnownFileType = file.storyboard; name = Base; path = Base.lproj/LaunchScreen.storyboard; sourceTree = "<group>"; };
		4011745E1C8555D000080D07 /* Info.plist */ = {isa = PBXFileReference; lastKnownFileType = text.plist.xml; path = Info.plist; sourceTree = "<group>"; };
		401174631C8555D000080D07 /* ParkMeTests.xctest */ = {isa = PBXFileReference; explicitFileType = wrapper.cfbundle; includeInIndex = 0; path = ParkMeTests.xctest; sourceTree = BUILT_PRODUCTS_DIR; };
		401174671C8555D000080D07 /* ParkMeTests.swift */ = {isa = PBXFileReference; lastKnownFileType = sourcecode.swift; path = ParkMeTests.swift; sourceTree = "<group>"; };
		401174691C8555D000080D07 /* Info.plist */ = {isa = PBXFileReference; lastKnownFileType = text.plist.xml; path = Info.plist; sourceTree = "<group>"; };
		4011746E1C8555D000080D07 /* ParkMeUITests.xctest */ = {isa = PBXFileReference; explicitFileType = wrapper.cfbundle; includeInIndex = 0; path = ParkMeUITests.xctest; sourceTree = BUILT_PRODUCTS_DIR; };
		401174721C8555D000080D07 /* ParkMeUITests.swift */ = {isa = PBXFileReference; lastKnownFileType = sourcecode.swift; path = ParkMeUITests.swift; sourceTree = "<group>"; };
		401174741C8555D000080D07 /* Info.plist */ = {isa = PBXFileReference; lastKnownFileType = text.plist.xml; path = Info.plist; sourceTree = "<group>"; };
		40162E491CCD9CFC002EC230 /* Error-48.png */ = {isa = PBXFileReference; lastKnownFileType = image.png; path = "Error-48.png"; sourceTree = "<group>"; };
		401C69E31CD038730038E7ED /* reportViewController.swift */ = {isa = PBXFileReference; fileEncoding = 4; lastKnownFileType = sourcecode.swift; path = reportViewController.swift; sourceTree = "<group>"; };
		401C69E51CD04AED0038E7ED /* reportHeaderView.swift */ = {isa = PBXFileReference; fileEncoding = 4; lastKnownFileType = sourcecode.swift; path = reportHeaderView.swift; sourceTree = "<group>"; };
		401DE0D01CBAF2A9001BF35B /* ACWS.plist */ = {isa = PBXFileReference; fileEncoding = 4; lastKnownFileType = text.plist.xml; path = ACWS.plist; sourceTree = "<group>"; };
		402BFA161CD5575600C0634E /* customPageViewController.swift */ = {isa = PBXFileReference; fileEncoding = 4; lastKnownFileType = sourcecode.swift; name = customPageViewController.swift; path = ../customPageViewController.swift; sourceTree = "<group>"; };
		40371AEE1CD0F4A4000737CC /* AcademicWest.png */ = {isa = PBXFileReference; lastKnownFileType = image.png; path = AcademicWest.png; sourceTree = "<group>"; };
		40371AEF1CD0F4A4000737CC /* Breakiron.png */ = {isa = PBXFileReference; lastKnownFileType = image.png; path = Breakiron.png; sourceTree = "<group>"; };
		40371AF01CD0F4A4000737CC /* cornerhouse.png */ = {isa = PBXFileReference; lastKnownFileType = image.png; path = cornerhouse.png; sourceTree = "<group>"; };
		40371AF11CD0F4A4000737CC /* McDonnell.png */ = {isa = PBXFileReference; lastKnownFileType = image.png; path = McDonnell.png; sourceTree = "<group>"; };
		40371AF21CD0F4A4000737CC /* Smith.png */ = {isa = PBXFileReference; lastKnownFileType = image.png; path = Smith.png; sourceTree = "<group>"; };
		40371AF31CD0F4A4000737CC /* South Campus Apartment.png */ = {isa = PBXFileReference; lastKnownFileType = image.png; path = "South Campus Apartment.png"; sourceTree = "<group>"; };
		40371AF41CD0F4A4000737CC /* Trax.png */ = {isa = PBXFileReference; lastKnownFileType = image.png; path = Trax.png; sourceTree = "<group>"; };
		40371B001CD0F89F000737CC /* parkWidget.appex */ = {isa = PBXFileReference; explicitFileType = "wrapper.app-extension"; includeInIndex = 0; path = parkWidget.appex; sourceTree = BUILT_PRODUCTS_DIR; };
		40371B011CD0F89F000737CC /* NotificationCenter.framework */ = {isa = PBXFileReference; lastKnownFileType = wrapper.framework; name = NotificationCenter.framework; path = System/Library/Frameworks/NotificationCenter.framework; sourceTree = SDKROOT; };
		403D86C41CB9DAD900B9F2B0 /* Lots.swift */ = {isa = PBXFileReference; fileEncoding = 4; lastKnownFileType = sourcecode.swift; path = Lots.swift; sourceTree = "<group>"; };
		403D86C81CB9E99400B9F2B0 /* BRKI.plist */ = {isa = PBXFileReference; fileEncoding = 4; lastKnownFileType = text.plist.xml; name = BRKI.plist; path = ParkMe/BRKI.plist; sourceTree = "<group>"; };
		404C1CE31CCE5429008FAA29 /* CornerHouse.plist */ = {isa = PBXFileReference; fileEncoding = 4; lastKnownFileType = text.plist.xml; path = CornerHouse.plist; sourceTree = "<group>"; };
		4056B1DD1CD6EEEC00C2F630 /* todayWidget.appex */ = {isa = PBXFileReference; explicitFileType = "wrapper.app-extension"; includeInIndex = 0; path = todayWidget.appex; sourceTree = BUILT_PRODUCTS_DIR; };
		4056B1E01CD6EEEC00C2F630 /* TodayViewController.swift */ = {isa = PBXFileReference; lastKnownFileType = sourcecode.swift; path = TodayViewController.swift; sourceTree = "<group>"; };
		4056B1E31CD6EEEC00C2F630 /* Base */ = {isa = PBXFileReference; lastKnownFileType = file.storyboard; name = Base; path = Base.lproj/MainInterface.storyboard; sourceTree = "<group>"; };
		4056B1E51CD6EEEC00C2F630 /* Info.plist */ = {isa = PBXFileReference; lastKnownFileType = text.plist.xml; path = Info.plist; sourceTree = "<group>"; };
		4060390D1CCD69670046F1DA /* Error-100.png */ = {isa = PBXFileReference; lastKnownFileType = image.png; path = "Error-100.png"; sourceTree = "<group>"; };
		4090DF971CC0680200C5685A /* launch.png */ = {isa = PBXFileReference; lastKnownFileType = image.png; name = launch.png; path = ParkMe/launch.png; sourceTree = "<group>"; };
		4097E4F61CBB56E900201421 /* MCD.plist */ = {isa = PBXFileReference; fileEncoding = 4; lastKnownFileType = text.plist.xml; path = MCD.plist; sourceTree = "<group>"; };
		409DB6AD1CD685CB008DD65B /* customButton.swift */ = {isa = PBXFileReference; fileEncoding = 4; lastKnownFileType = sourcecode.swift; path = customButton.swift; sourceTree = "<group>"; };
		40AAE7A41CBC69DD00C649F1 /* CoreLocation.framework */ = {isa = PBXFileReference; lastKnownFileType = wrapper.framework; name = CoreLocation.framework; path = System/Library/Frameworks/CoreLocation.framework; sourceTree = SDKROOT; };
		40B91D1A1CBB14A4009EF827 /* Smith.plist */ = {isa = PBXFileReference; fileEncoding = 4; lastKnownFileType = text.plist.xml; path = Smith.plist; sourceTree = "<group>"; };
		40C7FAE11CBDB5F300C4D8E8 /* Firebase.framework */ = {isa = PBXFileReference; lastKnownFileType = wrapper.framework; path = Firebase.framework; sourceTree = "<group>"; };
		40C7FAE31CBDB60D00C4D8E8 /* libicucore.tbd */ = {isa = PBXFileReference; lastKnownFileType = "sourcecode.text-based-dylib-definition"; name = libicucore.tbd; path = usr/lib/libicucore.tbd; sourceTree = SDKROOT; };
		40C7FAE51CBDB61A00C4D8E8 /* libc++.tbd */ = {isa = PBXFileReference; lastKnownFileType = "sourcecode.text-based-dylib-definition"; name = "libc++.tbd"; path = "usr/lib/libc++.tbd"; sourceTree = SDKROOT; };
		40C7FAE71CBDB62500C4D8E8 /* CFNetwork.framework */ = {isa = PBXFileReference; lastKnownFileType = wrapper.framework; name = CFNetwork.framework; path = System/Library/Frameworks/CFNetwork.framework; sourceTree = SDKROOT; };
		40C7FAE91CBDB63200C4D8E8 /* Security.framework */ = {isa = PBXFileReference; lastKnownFileType = wrapper.framework; name = Security.framework; path = System/Library/Frameworks/Security.framework; sourceTree = SDKROOT; };
		40C7FAEB1CBDB63B00C4D8E8 /* SystemConfiguration.framework */ = {isa = PBXFileReference; lastKnownFileType = wrapper.framework; name = SystemConfiguration.framework; path = System/Library/Frameworks/SystemConfiguration.framework; sourceTree = SDKROOT; };
		40C7FAEE1CBDBE3D00C4D8E8 /* database.swift */ = {isa = PBXFileReference; fileEncoding = 4; lastKnownFileType = sourcecode.swift; path = database.swift; sourceTree = "<group>"; };
		40CCC9091CD6BB8900DB2591 /* BWWalkthrough.framework */ = {isa = PBXFileReference; lastKnownFileType = wrapper.framework; name = BWWalkthrough.framework; path = "../../../Library/Developer/Xcode/DerivedData/ParkMe-cgqddpkcshbfdfauqrpsmnhwhxua/Build/Products/Debug-iphoneos/BWWalkthrough.framework"; sourceTree = "<group>"; };
		40CCC90A1CD6BB8900DB2591 /* Material.framework */ = {isa = PBXFileReference; lastKnownFileType = wrapper.framework; name = Material.framework; path = "../../../Library/Developer/Xcode/DerivedData/ParkMe-cgqddpkcshbfdfauqrpsmnhwhxua/Build/Products/Debug-iphoneos/Material.framework"; sourceTree = "<group>"; };
		40CCC90B1CD6BB8900DB2591 /* SCLAlertView.framework */ = {isa = PBXFileReference; lastKnownFileType = wrapper.framework; name = SCLAlertView.framework; path = "../../../Library/Developer/Xcode/DerivedData/ParkMe-cgqddpkcshbfdfauqrpsmnhwhxua/Build/Products/Debug-iphoneos/SCLAlertView.framework"; sourceTree = "<group>"; };
		40E359671CBE99C90030D6B5 /* CoreMotion.framework */ = {isa = PBXFileReference; lastKnownFileType = wrapper.framework; name = CoreMotion.framework; path = System/Library/Frameworks/CoreMotion.framework; sourceTree = SDKROOT; };
		40E3596A1CBE9A420030D6B5 /* UserMotion.swift */ = {isa = PBXFileReference; fileEncoding = 4; lastKnownFileType = sourcecode.swift; path = UserMotion.swift; sourceTree = "<group>"; };
		40FB631E1CD6DA0700112B55 /* DOFavoriteButton.swift */ = {isa = PBXFileReference; fileEncoding = 4; lastKnownFileType = sourcecode.swift; path = DOFavoriteButton.swift; sourceTree = "<group>"; };
		40FDE7471CBAC3B400D9060A /* MapKit.framework */ = {isa = PBXFileReference; lastKnownFileType = wrapper.framework; name = MapKit.framework; path = System/Library/Frameworks/MapKit.framework; sourceTree = SDKROOT; };
		40FDE74B1CBAD04800D9060A /* Annotation.swift */ = {isa = PBXFileReference; fileEncoding = 4; lastKnownFileType = sourcecode.swift; path = Annotation.swift; sourceTree = "<group>"; };
		7B272AF95CBD78B6A3BC47C4 /* Pods.framework */ = {isa = PBXFileReference; explicitFileType = wrapper.framework; includeInIndex = 0; path = Pods.framework; sourceTree = BUILT_PRODUCTS_DIR; };
		B819ACD2327953B754FFFC2A /* Pods.debug.xcconfig */ = {isa = PBXFileReference; includeInIndex = 1; lastKnownFileType = text.xcconfig; name = Pods.debug.xcconfig; path = "Pods/Target Support Files/Pods/Pods.debug.xcconfig"; sourceTree = "<group>"; };
		FD5AF3499EE014047533145E /* Pods.release.xcconfig */ = {isa = PBXFileReference; includeInIndex = 1; lastKnownFileType = text.xcconfig; name = Pods.release.xcconfig; path = "Pods/Target Support Files/Pods/Pods.release.xcconfig"; sourceTree = "<group>"; };
/* End PBXFileReference section */

/* Begin PBXFrameworksBuildPhase section */
		4011744C1C8555D000080D07 /* Frameworks */ = {
			isa = PBXFrameworksBuildPhase;
			buildActionMask = 2147483647;
			files = (
				40CCC90C1CD6BB8900DB2591 /* BWWalkthrough.framework in Frameworks */,
				40CCC90D1CD6BB8900DB2591 /* Material.framework in Frameworks */,
				40CCC90E1CD6BB8900DB2591 /* SCLAlertView.framework in Frameworks */,
				40E359681CBE99C90030D6B5 /* CoreMotion.framework in Frameworks */,
				40C7FAEC1CBDB63B00C4D8E8 /* SystemConfiguration.framework in Frameworks */,
				40C7FAEA1CBDB63200C4D8E8 /* Security.framework in Frameworks */,
				40C7FAE81CBDB62500C4D8E8 /* CFNetwork.framework in Frameworks */,
				40C7FAE61CBDB61A00C4D8E8 /* libc++.tbd in Frameworks */,
				40C7FAE41CBDB60D00C4D8E8 /* libicucore.tbd in Frameworks */,
				40AAE7A51CBC69DD00C649F1 /* CoreLocation.framework in Frameworks */,
				40FDE7481CBAC3B400D9060A /* MapKit.framework in Frameworks */,
				40C7FAE21CBDB5F300C4D8E8 /* Firebase.framework in Frameworks */,
				8A36406DF01F27627A6C9963 /* Pods.framework in Frameworks */,
			);
			runOnlyForDeploymentPostprocessing = 0;
		};
		401174601C8555D000080D07 /* Frameworks */ = {
			isa = PBXFrameworksBuildPhase;
			buildActionMask = 2147483647;
			files = (
			);
			runOnlyForDeploymentPostprocessing = 0;
		};
		4011746B1C8555D000080D07 /* Frameworks */ = {
			isa = PBXFrameworksBuildPhase;
			buildActionMask = 2147483647;
			files = (
			);
			runOnlyForDeploymentPostprocessing = 0;
		};
		40371AFD1CD0F89F000737CC /* Frameworks */ = {
			isa = PBXFrameworksBuildPhase;
			buildActionMask = 2147483647;
			files = (
				40371B021CD0F89F000737CC /* NotificationCenter.framework in Frameworks */,
			);
			runOnlyForDeploymentPostprocessing = 0;
		};
		4056B1DA1CD6EEEC00C2F630 /* Frameworks */ = {
			isa = PBXFrameworksBuildPhase;
			buildActionMask = 2147483647;
			files = (
				4056B1DE1CD6EEEC00C2F630 /* NotificationCenter.framework in Frameworks */,
			);
			runOnlyForDeploymentPostprocessing = 0;
		};
/* End PBXFrameworksBuildPhase section */

/* Begin PBXGroup section */
		401174461C8555D000080D07 = {
			isa = PBXGroup;
			children = (
				40CCC90B1CD6BB8900DB2591 /* SCLAlertView.framework */,
				40CCC90A1CD6BB8900DB2591 /* Material.framework */,
				406039081CCD60B30046F1DA /* Pictures */,
				40CCC9091CD6BB8900DB2591 /* BWWalkthrough.framework */,
				40C7FAE11CBDB5F300C4D8E8 /* Firebase.framework */,
				40AAE7A41CBC69DD00C649F1 /* CoreLocation.framework */,
				401DE0CD1CBAEDA2001BF35B /* Annotations */,
				40FDE7471CBAC3B400D9060A /* MapKit.framework */,
				403D86C11CB9DA0100B9F2B0 /* Geofencing */,
				401174511C8555D000080D07 /* ParkMe main screen */,
				401C69E21CD037EC0038E7ED /* report screen */,
				40C7FAED1CBDBE1300C4D8E8 /* BackEnd */,
				401174661C8555D000080D07 /* ParkMeTests */,
				401174711C8555D000080D07 /* ParkMeUITests */,
				4056B1DF1CD6EEEC00C2F630 /* todayWidget */,
				401174501C8555D000080D07 /* Products */,
				C23A8DE602FD1A7B09C95FA6 /* Frameworks */,
				9E7EB2BD7D547F52EAEB93CF /* Pods */,
			);
			sourceTree = "<group>";
		};
		401174501C8555D000080D07 /* Products */ = {
			isa = PBXGroup;
			children = (
				4011744F1C8555D000080D07 /* ParkMe.app */,
				401174631C8555D000080D07 /* ParkMeTests.xctest */,
				4011746E1C8555D000080D07 /* ParkMeUITests.xctest */,
				40371B001CD0F89F000737CC /* parkWidget.appex */,
				4056B1DD1CD6EEEC00C2F630 /* todayWidget.appex */,
			);
			name = Products;
			sourceTree = "<group>";
		};
		401174511C8555D000080D07 /* ParkMe main screen */ = {
			isa = PBXGroup;
			children = (
				401174521C8555D000080D07 /* AppDelegate.swift */,
				401174541C8555D000080D07 /* ViewController.swift */,
				0090BCF21CD6BFF6007AF237 /* ContentViewController.swift */,
				401174561C8555D000080D07 /* Main.storyboard */,
				0090BCF01CD3B91B007AF237 /* Info1.png */,
				0090BCEC1CD3B37F007AF237 /* frontpage.png */,
				0090BCED1CD3B37F007AF237 /* Info.png */,
				0090BCE61CD3A4F0007AF237 /* Green.png */,
				0090BCE71CD3A4F0007AF237 /* Orange.png */,
				0090BCE81CD3A4F0007AF237 /* Red.png */,
				4011745B1C8555D000080D07 /* LaunchScreen.storyboard */,
				4011745E1C8555D000080D07 /* Info.plist */,
				403D86C41CB9DAD900B9F2B0 /* Lots.swift */,
				400FA8A01CA3296100605C5C /* Images.xcassets */,
				409DB6AD1CD685CB008DD65B /* customButton.swift */,
				2ACA766A1CD6C1C600ACAAD3 /* TableViewController.swift */,
			);
			name = "ParkMe main screen";
			path = ParkMe;
			sourceTree = "<group>";
		};
		401174661C8555D000080D07 /* ParkMeTests */ = {
			isa = PBXGroup;
			children = (
				401174671C8555D000080D07 /* ParkMeTests.swift */,
				401174691C8555D000080D07 /* Info.plist */,
			);
			path = ParkMeTests;
			sourceTree = "<group>";
		};
		401174711C8555D000080D07 /* ParkMeUITests */ = {
			isa = PBXGroup;
			children = (
				401174721C8555D000080D07 /* ParkMeUITests.swift */,
				401174741C8555D000080D07 /* Info.plist */,
			);
			path = ParkMeUITests;
			sourceTree = "<group>";
		};
		401C69E21CD037EC0038E7ED /* report screen */ = {
			isa = PBXGroup;
			children = (
				401C69E31CD038730038E7ED /* reportViewController.swift */,
				40FB631E1CD6DA0700112B55 /* DOFavoriteButton.swift */,
				401C69E51CD04AED0038E7ED /* reportHeaderView.swift */,
			);
			name = "report screen";
			sourceTree = "<group>";
		};
		401DE0CD1CBAEDA2001BF35B /* Annotations */ = {
			isa = PBXGroup;
			children = (
				40FDE74B1CBAD04800D9060A /* Annotation.swift */,
			);
			name = Annotations;
			sourceTree = "<group>";
		};
		403D86C11CB9DA0100B9F2B0 /* Geofencing */ = {
			isa = PBXGroup;
			children = (
				403D86C81CB9E99400B9F2B0 /* BRKI.plist */,
				401DE0D01CBAF2A9001BF35B /* ACWS.plist */,
				40B91D1A1CBB14A4009EF827 /* Smith.plist */,
				4097E4F61CBB56E900201421 /* MCD.plist */,
				401085AE1CBCAA5F002516A4 /* SCA.plist */,
				401085B01CBCAD5D002516A4 /* Trax.plist */,
				404C1CE31CCE5429008FAA29 /* CornerHouse.plist */,
			);
			name = Geofencing;
			sourceTree = "<group>";
		};
		4056B1DF1CD6EEEC00C2F630 /* todayWidget */ = {
			isa = PBXGroup;
			children = (
				4056B1E01CD6EEEC00C2F630 /* TodayViewController.swift */,
				4056B1E21CD6EEEC00C2F630 /* MainInterface.storyboard */,
				4056B1E51CD6EEEC00C2F630 /* Info.plist */,
			);
			path = todayWidget;
			sourceTree = "<group>";
		};
		406039081CCD60B30046F1DA /* Pictures */ = {
			isa = PBXGroup;
			children = (
				40371AEE1CD0F4A4000737CC /* AcademicWest.png */,
				40371AEF1CD0F4A4000737CC /* Breakiron.png */,
				40371AF01CD0F4A4000737CC /* cornerhouse.png */,
				40371AF11CD0F4A4000737CC /* McDonnell.png */,
				40371AF21CD0F4A4000737CC /* Smith.png */,
				40371AF31CD0F4A4000737CC /* South Campus Apartment.png */,
				40371AF41CD0F4A4000737CC /* Trax.png */,
				0025DF3D1CCC771100DC2B22 /* Empty.png */,
				4090DF971CC0680200C5685A /* launch.png */,
				0025DF411CCC772300DC2B22 /* Medium.png */,
				40162E491CCD9CFC002EC230 /* Error-48.png */,
				4060390D1CCD69670046F1DA /* Error-100.png */,
				0025DF3F1CCC771C00DC2B22 /* Full.png */,
			);
			name = Pictures;
			sourceTree = "<group>";
		};
		40C7FAED1CBDBE1300C4D8E8 /* BackEnd */ = {
			isa = PBXGroup;
			children = (
				40C7FAEE1CBDBE3D00C4D8E8 /* database.swift */,
				40E3596A1CBE9A420030D6B5 /* UserMotion.swift */,
			);
			name = BackEnd;
			sourceTree = "<group>";
		};
		9E7EB2BD7D547F52EAEB93CF /* Pods */ = {
			isa = PBXGroup;
			children = (
				B819ACD2327953B754FFFC2A /* Pods.debug.xcconfig */,
				FD5AF3499EE014047533145E /* Pods.release.xcconfig */,
			);
			name = Pods;
			sourceTree = "<group>";
		};
		C23A8DE602FD1A7B09C95FA6 /* Frameworks */ = {
			isa = PBXGroup;
			children = (
				40E359671CBE99C90030D6B5 /* CoreMotion.framework */,
				40C7FAEB1CBDB63B00C4D8E8 /* SystemConfiguration.framework */,
				40C7FAE91CBDB63200C4D8E8 /* Security.framework */,
				40C7FAE71CBDB62500C4D8E8 /* CFNetwork.framework */,
				40C7FAE51CBDB61A00C4D8E8 /* libc++.tbd */,
				40C7FAE31CBDB60D00C4D8E8 /* libicucore.tbd */,
				40371B011CD0F89F000737CC /* NotificationCenter.framework */,
				7B272AF95CBD78B6A3BC47C4 /* Pods.framework */,
			);
			name = Frameworks;
			sourceTree = "<group>";
		};
/* End PBXGroup section */

/* Begin PBXNativeTarget section */
		4011744E1C8555D000080D07 /* ParkMe */ = {
			isa = PBXNativeTarget;
			buildConfigurationList = 401174771C8555D000080D07 /* Build configuration list for PBXNativeTarget "ParkMe" */;
			buildPhases = (
				1EE0B250B58FAD31B4D44158 /* Check Pods Manifest.lock */,
				4011744B1C8555D000080D07 /* Sources */,
				4011744C1C8555D000080D07 /* Frameworks */,
				4011744D1C8555D000080D07 /* Resources */,
				25594880DB47091D06CC9838 /* Embed Pods Frameworks */,
				2E00E06CCB11EAD6CF56175E /* Copy Pods Resources */,
				4056B1EC1CD6EEEC00C2F630 /* Embed App Extensions */,
			);
			buildRules = (
			);
			dependencies = (
				4056B1E71CD6EEEC00C2F630 /* PBXTargetDependency */,
			);
			name = ParkMe;
			productName = ParkMe;
			productReference = 4011744F1C8555D000080D07 /* ParkMe.app */;
			productType = "com.apple.product-type.application";
		};
		401174621C8555D000080D07 /* ParkMeTests */ = {
			isa = PBXNativeTarget;
			buildConfigurationList = 4011747A1C8555D000080D07 /* Build configuration list for PBXNativeTarget "ParkMeTests" */;
			buildPhases = (
				4011745F1C8555D000080D07 /* Sources */,
				401174601C8555D000080D07 /* Frameworks */,
				401174611C8555D000080D07 /* Resources */,
			);
			buildRules = (
			);
			dependencies = (
				401174651C8555D000080D07 /* PBXTargetDependency */,
			);
			name = ParkMeTests;
			productName = ParkMeTests;
			productReference = 401174631C8555D000080D07 /* ParkMeTests.xctest */;
			productType = "com.apple.product-type.bundle.unit-test";
		};
		4011746D1C8555D000080D07 /* ParkMeUITests */ = {
			isa = PBXNativeTarget;
			buildConfigurationList = 4011747D1C8555D000080D07 /* Build configuration list for PBXNativeTarget "ParkMeUITests" */;
			buildPhases = (
				4011746A1C8555D000080D07 /* Sources */,
				4011746B1C8555D000080D07 /* Frameworks */,
				4011746C1C8555D000080D07 /* Resources */,
			);
			buildRules = (
			);
			dependencies = (
				401174701C8555D000080D07 /* PBXTargetDependency */,
			);
			name = ParkMeUITests;
			productName = ParkMeUITests;
			productReference = 4011746E1C8555D000080D07 /* ParkMeUITests.xctest */;
			productType = "com.apple.product-type.bundle.ui-testing";
		};
		40371AFF1CD0F89F000737CC /* parkWidget */ = {
			isa = PBXNativeTarget;
			buildConfigurationList = 40371B0D1CD0F89F000737CC /* Build configuration list for PBXNativeTarget "parkWidget" */;
			buildPhases = (
				40371AFC1CD0F89F000737CC /* Sources */,
				40371AFD1CD0F89F000737CC /* Frameworks */,
				40371AFE1CD0F89F000737CC /* Resources */,
			);
			buildRules = (
			);
			dependencies = (
			);
			name = parkWidget;
			productName = parkWidget;
			productReference = 40371B001CD0F89F000737CC /* parkWidget.appex */;
			productType = "com.apple.product-type.app-extension";
		};
		4056B1DC1CD6EEEC00C2F630 /* todayWidget */ = {
			isa = PBXNativeTarget;
			buildConfigurationList = 4056B1E91CD6EEEC00C2F630 /* Build configuration list for PBXNativeTarget "todayWidget" */;
			buildPhases = (
				4056B1D91CD6EEEC00C2F630 /* Sources */,
				4056B1DA1CD6EEEC00C2F630 /* Frameworks */,
				4056B1DB1CD6EEEC00C2F630 /* Resources */,
			);
			buildRules = (
			);
			dependencies = (
			);
			name = todayWidget;
			productName = todayWidget;
			productReference = 4056B1DD1CD6EEEC00C2F630 /* todayWidget.appex */;
			productType = "com.apple.product-type.app-extension";
		};
/* End PBXNativeTarget section */

/* Begin PBXProject section */
		401174471C8555D000080D07 /* Project object */ = {
			isa = PBXProject;
			attributes = {
				LastSwiftUpdateCheck = 0730;
				LastUpgradeCheck = 0720;
				ORGANIZATIONNAME = AC;
				TargetAttributes = {
					4011744E1C8555D000080D07 = {
						CreatedOnToolsVersion = 7.2.1;
						DevelopmentTeam = J43SGLE8R7;
					};
					401174621C8555D000080D07 = {
						CreatedOnToolsVersion = 7.2.1;
						TestTargetID = 4011744E1C8555D000080D07;
					};
					4011746D1C8555D000080D07 = {
						CreatedOnToolsVersion = 7.2.1;
						TestTargetID = 4011744E1C8555D000080D07;
					};
					40371AFF1CD0F89F000737CC = {
						CreatedOnToolsVersion = 7.3;
						DevelopmentTeam = J43SGLE8R7;
					};
					4056B1DC1CD6EEEC00C2F630 = {
						CreatedOnToolsVersion = 7.3;
						DevelopmentTeam = J43SGLE8R7;
					};
				};
			};
			buildConfigurationList = 4011744A1C8555D000080D07 /* Build configuration list for PBXProject "ParkMe" */;
			compatibilityVersion = "Xcode 3.2";
			developmentRegion = English;
			hasScannedForEncodings = 0;
			knownRegions = (
				en,
				Base,
			);
			mainGroup = 401174461C8555D000080D07;
			productRefGroup = 401174501C8555D000080D07 /* Products */;
			projectDirPath = "";
			projectRoot = "";
			targets = (
				4011744E1C8555D000080D07 /* ParkMe */,
				401174621C8555D000080D07 /* ParkMeTests */,
				4011746D1C8555D000080D07 /* ParkMeUITests */,
				40371AFF1CD0F89F000737CC /* parkWidget */,
				4056B1DC1CD6EEEC00C2F630 /* todayWidget */,
			);
		};
/* End PBXProject section */

/* Begin PBXResourcesBuildPhase section */
		4011744D1C8555D000080D07 /* Resources */ = {
			isa = PBXResourcesBuildPhase;
			buildActionMask = 2147483647;
			files = (
				40371AFA1CD0F4A4000737CC /* South Campus Apartment.png in Resources */,
				40B91D1B1CBB14A4009EF827 /* Smith.plist in Resources */,
				40371AF91CD0F4A4000737CC /* Smith.png in Resources */,
				403D86C91CB9E99400B9F2B0 /* BRKI.plist in Resources */,
				400FA8A11CA3296100605C5C /* Images.xcassets in Resources */,
				40371AF71CD0F4A4000737CC /* cornerhouse.png in Resources */,
				40371AF61CD0F4A4000737CC /* Breakiron.png in Resources */,
				0025DF3E1CCC771100DC2B22 /* Empty.png in Resources */,
				0025DF421CCC772300DC2B22 /* Medium.png in Resources */,
				40162E4A1CCD9CFC002EC230 /* Error-48.png in Resources */,
				4060390E1CCD69670046F1DA /* Error-100.png in Resources */,
				401DE0D11CBAF2A9001BF35B /* ACWS.plist in Resources */,
				404C1CE41CCE5429008FAA29 /* CornerHouse.plist in Resources */,
				401085AF1CBCAA5F002516A4 /* SCA.plist in Resources */,
				40371AF51CD0F4A4000737CC /* AcademicWest.png in Resources */,
				0090BCEA1CD3A4F0007AF237 /* Orange.png in Resources */,
				0025DF401CCC771C00DC2B22 /* Full.png in Resources */,
				0090BCEE1CD3B37F007AF237 /* frontpage.png in Resources */,
				0090BCF11CD3B91B007AF237 /* Info1.png in Resources */,
				40371AF81CD0F4A4000737CC /* McDonnell.png in Resources */,
				0090BCEF1CD3B37F007AF237 /* Info.png in Resources */,
				40371AFB1CD0F4A4000737CC /* Trax.png in Resources */,
				401085B11CBCAD5D002516A4 /* Trax.plist in Resources */,
				4090DF981CC0680200C5685A /* launch.png in Resources */,
				4011745D1C8555D000080D07 /* LaunchScreen.storyboard in Resources */,
				401174581C8555D000080D07 /* Main.storyboard in Resources */,
				0090BCEB1CD3A4F0007AF237 /* Red.png in Resources */,
				4097E4F71CBB56E900201421 /* MCD.plist in Resources */,
				0090BCE91CD3A4F0007AF237 /* Green.png in Resources */,
			);
			runOnlyForDeploymentPostprocessing = 0;
		};
		401174611C8555D000080D07 /* Resources */ = {
			isa = PBXResourcesBuildPhase;
			buildActionMask = 2147483647;
			files = (
			);
			runOnlyForDeploymentPostprocessing = 0;
		};
		4011746C1C8555D000080D07 /* Resources */ = {
			isa = PBXResourcesBuildPhase;
			buildActionMask = 2147483647;
			files = (
			);
			runOnlyForDeploymentPostprocessing = 0;
		};
		40371AFE1CD0F89F000737CC /* Resources */ = {
			isa = PBXResourcesBuildPhase;
			buildActionMask = 2147483647;
			files = (
			);
			runOnlyForDeploymentPostprocessing = 0;
		};
		4056B1DB1CD6EEEC00C2F630 /* Resources */ = {
			isa = PBXResourcesBuildPhase;
			buildActionMask = 2147483647;
			files = (
				4056B1E41CD6EEEC00C2F630 /* MainInterface.storyboard in Resources */,
			);
			runOnlyForDeploymentPostprocessing = 0;
		};
/* End PBXResourcesBuildPhase section */

/* Begin PBXShellScriptBuildPhase section */
		1EE0B250B58FAD31B4D44158 /* Check Pods Manifest.lock */ = {
			isa = PBXShellScriptBuildPhase;
			buildActionMask = 2147483647;
			files = (
			);
			inputPaths = (
			);
			name = "Check Pods Manifest.lock";
			outputPaths = (
			);
			runOnlyForDeploymentPostprocessing = 0;
			shellPath = /bin/sh;
			shellScript = "diff \"${PODS_ROOT}/../Podfile.lock\" \"${PODS_ROOT}/Manifest.lock\" > /dev/null\nif [[ $? != 0 ]] ; then\n    cat << EOM\nerror: The sandbox is not in sync with the Podfile.lock. Run 'pod install' or update your CocoaPods installation.\nEOM\n    exit 1\nfi\n";
			showEnvVarsInLog = 0;
		};
		25594880DB47091D06CC9838 /* Embed Pods Frameworks */ = {
			isa = PBXShellScriptBuildPhase;
			buildActionMask = 2147483647;
			files = (
			);
			inputPaths = (
			);
			name = "Embed Pods Frameworks";
			outputPaths = (
			);
			runOnlyForDeploymentPostprocessing = 0;
			shellPath = /bin/sh;
			shellScript = "\"${SRCROOT}/Pods/Target Support Files/Pods/Pods-frameworks.sh\"\n";
			showEnvVarsInLog = 0;
		};
		2E00E06CCB11EAD6CF56175E /* Copy Pods Resources */ = {
			isa = PBXShellScriptBuildPhase;
			buildActionMask = 2147483647;
			files = (
			);
			inputPaths = (
			);
			name = "Copy Pods Resources";
			outputPaths = (
			);
			runOnlyForDeploymentPostprocessing = 0;
			shellPath = /bin/sh;
			shellScript = "\"${SRCROOT}/Pods/Target Support Files/Pods/Pods-resources.sh\"\n";
			showEnvVarsInLog = 0;
		};
/* End PBXShellScriptBuildPhase section */

/* Begin PBXSourcesBuildPhase section */
		4011744B1C8555D000080D07 /* Sources */ = {
			isa = PBXSourcesBuildPhase;
			buildActionMask = 2147483647;
			files = (
				402BFA171CD5575600C0634E /* customPageViewController.swift in Sources */,
				401174551C8555D000080D07 /* ViewController.swift in Sources */,
				40FB63231CD6DA0700112B55 /* DOFavoriteButton.swift in Sources */,
				401C69E61CD04AED0038E7ED /* reportHeaderView.swift in Sources */,
				40FDE74C1CBAD04800D9060A /* Annotation.swift in Sources */,
				409DB6AE1CD685CB008DD65B /* customButton.swift in Sources */,
				401174531C8555D000080D07 /* AppDelegate.swift in Sources */,
				0090BCF31CD6BFF6007AF237 /* ContentViewController.swift in Sources */,
				40C7FAEF1CBDBE3D00C4D8E8 /* database.swift in Sources */,
				40E3596B1CBE9A420030D6B5 /* UserMotion.swift in Sources */,
				401C69E41CD038730038E7ED /* reportViewController.swift in Sources */,
				403D86C51CB9DAD900B9F2B0 /* Lots.swift in Sources */,
			);
			runOnlyForDeploymentPostprocessing = 0;
		};
		4011745F1C8555D000080D07 /* Sources */ = {
			isa = PBXSourcesBuildPhase;
			buildActionMask = 2147483647;
			files = (
				401174681C8555D000080D07 /* ParkMeTests.swift in Sources */,
			);
			runOnlyForDeploymentPostprocessing = 0;
		};
		4011746A1C8555D000080D07 /* Sources */ = {
			isa = PBXSourcesBuildPhase;
			buildActionMask = 2147483647;
			files = (
				401174731C8555D000080D07 /* ParkMeUITests.swift in Sources */,
			);
			runOnlyForDeploymentPostprocessing = 0;
		};
		40371AFC1CD0F89F000737CC /* Sources */ = {
			isa = PBXSourcesBuildPhase;
			buildActionMask = 2147483647;
			files = (
			);
			runOnlyForDeploymentPostprocessing = 0;
		};
		4056B1D91CD6EEEC00C2F630 /* Sources */ = {
			isa = PBXSourcesBuildPhase;
			buildActionMask = 2147483647;
			files = (
				4056B1E11CD6EEEC00C2F630 /* TodayViewController.swift in Sources */,
			);
			runOnlyForDeploymentPostprocessing = 0;
		};
/* End PBXSourcesBuildPhase section */

/* Begin PBXTargetDependency section */
		401174651C8555D000080D07 /* PBXTargetDependency */ = {
			isa = PBXTargetDependency;
			target = 4011744E1C8555D000080D07 /* ParkMe */;
			targetProxy = 401174641C8555D000080D07 /* PBXContainerItemProxy */;
		};
		401174701C8555D000080D07 /* PBXTargetDependency */ = {
			isa = PBXTargetDependency;
			target = 4011744E1C8555D000080D07 /* ParkMe */;
			targetProxy = 4011746F1C8555D000080D07 /* PBXContainerItemProxy */;
		};
		4056B1E71CD6EEEC00C2F630 /* PBXTargetDependency */ = {
			isa = PBXTargetDependency;
			target = 4056B1DC1CD6EEEC00C2F630 /* todayWidget */;
			targetProxy = 4056B1E61CD6EEEC00C2F630 /* PBXContainerItemProxy */;
		};
/* End PBXTargetDependency section */

/* Begin PBXVariantGroup section */
		401174561C8555D000080D07 /* Main.storyboard */ = {
			isa = PBXVariantGroup;
			children = (
				401174571C8555D000080D07 /* Base */,
			);
			name = Main.storyboard;
			sourceTree = "<group>";
		};
		4011745B1C8555D000080D07 /* LaunchScreen.storyboard */ = {
			isa = PBXVariantGroup;
			children = (
				4011745C1C8555D000080D07 /* Base */,
			);
			name = LaunchScreen.storyboard;
			sourceTree = "<group>";
		};
		4056B1E21CD6EEEC00C2F630 /* MainInterface.storyboard */ = {
			isa = PBXVariantGroup;
			children = (
				4056B1E31CD6EEEC00C2F630 /* Base */,
			);
			name = MainInterface.storyboard;
			sourceTree = "<group>";
		};
/* End PBXVariantGroup section */

/* Begin XCBuildConfiguration section */
		401174751C8555D000080D07 /* Debug */ = {
			isa = XCBuildConfiguration;
			buildSettings = {
				ALWAYS_SEARCH_USER_PATHS = NO;
				CLANG_CXX_LANGUAGE_STANDARD = "gnu++0x";
				CLANG_CXX_LIBRARY = "libc++";
				CLANG_ENABLE_MODULES = YES;
				CLANG_ENABLE_OBJC_ARC = YES;
				CLANG_WARN_BOOL_CONVERSION = YES;
				CLANG_WARN_CONSTANT_CONVERSION = YES;
				CLANG_WARN_DIRECT_OBJC_ISA_USAGE = YES_ERROR;
				CLANG_WARN_EMPTY_BODY = YES;
				CLANG_WARN_ENUM_CONVERSION = YES;
				CLANG_WARN_INT_CONVERSION = YES;
				CLANG_WARN_OBJC_ROOT_CLASS = YES_ERROR;
				CLANG_WARN_UNREACHABLE_CODE = YES;
				CLANG_WARN__DUPLICATE_METHOD_MATCH = YES;
				"CODE_SIGN_IDENTITY[sdk=iphoneos*]" = "iPhone Developer";
				COPY_PHASE_STRIP = NO;
				DEBUG_INFORMATION_FORMAT = dwarf;
				ENABLE_STRICT_OBJC_MSGSEND = YES;
				ENABLE_TESTABILITY = YES;
				GCC_C_LANGUAGE_STANDARD = gnu99;
				GCC_DYNAMIC_NO_PIC = NO;
				GCC_NO_COMMON_BLOCKS = YES;
				GCC_OPTIMIZATION_LEVEL = 0;
				GCC_PREPROCESSOR_DEFINITIONS = (
					"DEBUG=1",
					"$(inherited)",
				);
				GCC_WARN_64_TO_32_BIT_CONVERSION = YES;
				GCC_WARN_ABOUT_RETURN_TYPE = YES_ERROR;
				GCC_WARN_UNDECLARED_SELECTOR = YES;
				GCC_WARN_UNINITIALIZED_AUTOS = YES_AGGRESSIVE;
				GCC_WARN_UNUSED_FUNCTION = YES;
				GCC_WARN_UNUSED_VARIABLE = YES;
				IPHONEOS_DEPLOYMENT_TARGET = 9.3;
				MTL_ENABLE_DEBUG_INFO = YES;
				ONLY_ACTIVE_ARCH = YES;
				SDKROOT = iphoneos;
				SWIFT_OPTIMIZATION_LEVEL = "-Onone";
				TARGETED_DEVICE_FAMILY = "1,2";
			};
			name = Debug;
		};
		401174761C8555D000080D07 /* Release */ = {
			isa = XCBuildConfiguration;
			buildSettings = {
				ALWAYS_SEARCH_USER_PATHS = NO;
				CLANG_CXX_LANGUAGE_STANDARD = "gnu++0x";
				CLANG_CXX_LIBRARY = "libc++";
				CLANG_ENABLE_MODULES = YES;
				CLANG_ENABLE_OBJC_ARC = YES;
				CLANG_WARN_BOOL_CONVERSION = YES;
				CLANG_WARN_CONSTANT_CONVERSION = YES;
				CLANG_WARN_DIRECT_OBJC_ISA_USAGE = YES_ERROR;
				CLANG_WARN_EMPTY_BODY = YES;
				CLANG_WARN_ENUM_CONVERSION = YES;
				CLANG_WARN_INT_CONVERSION = YES;
				CLANG_WARN_OBJC_ROOT_CLASS = YES_ERROR;
				CLANG_WARN_UNREACHABLE_CODE = YES;
				CLANG_WARN__DUPLICATE_METHOD_MATCH = YES;
				"CODE_SIGN_IDENTITY[sdk=iphoneos*]" = "iPhone Developer";
				COPY_PHASE_STRIP = NO;
				DEBUG_INFORMATION_FORMAT = "dwarf-with-dsym";
				ENABLE_NS_ASSERTIONS = NO;
				ENABLE_STRICT_OBJC_MSGSEND = YES;
				GCC_C_LANGUAGE_STANDARD = gnu99;
				GCC_NO_COMMON_BLOCKS = YES;
				GCC_WARN_64_TO_32_BIT_CONVERSION = YES;
				GCC_WARN_ABOUT_RETURN_TYPE = YES_ERROR;
				GCC_WARN_UNDECLARED_SELECTOR = YES;
				GCC_WARN_UNINITIALIZED_AUTOS = YES_AGGRESSIVE;
				GCC_WARN_UNUSED_FUNCTION = YES;
				GCC_WARN_UNUSED_VARIABLE = YES;
				IPHONEOS_DEPLOYMENT_TARGET = 9.3;
				MTL_ENABLE_DEBUG_INFO = NO;
				SDKROOT = iphoneos;
				TARGETED_DEVICE_FAMILY = "1,2";
				VALIDATE_PRODUCT = YES;
			};
			name = Release;
		};
		401174781C8555D000080D07 /* Debug */ = {
			isa = XCBuildConfiguration;
			baseConfigurationReference = B819ACD2327953B754FFFC2A /* Pods.debug.xcconfig */;
			buildSettings = {
				ASSETCATALOG_COMPILER_APPICON_NAME = AppIcon;
				CODE_SIGN_IDENTITY = "iPhone Developer";
				"CODE_SIGN_IDENTITY[sdk=iphoneos*]" = "iPhone Developer";
				EMBEDDED_CONTENT_CONTAINS_SWIFT = YES;
				FRAMEWORK_SEARCH_PATHS = (
					"$(inherited)",
					"$(PROJECT_DIR)",
					"$(PROJECT_DIR)/build/Debug-iphoneos",
				);
				INFOPLIST_FILE = ParkMe/Info.plist;
				IPHONEOS_DEPLOYMENT_TARGET = 9.3;
				LD_RUNPATH_SEARCH_PATHS = "$(inherited) @executable_path/Frameworks";
				ONLY_ACTIVE_ARCH = YES;
				PRODUCT_BUNDLE_IDENTIFIER = lftomazini;
				PRODUCT_NAME = "$(TARGET_NAME)";
				PROVISIONING_PROFILE = "";
				TARGETED_DEVICE_FAMILY = 1;
			};
			name = Debug;
		};
		401174791C8555D000080D07 /* Release */ = {
			isa = XCBuildConfiguration;
			baseConfigurationReference = FD5AF3499EE014047533145E /* Pods.release.xcconfig */;
			buildSettings = {
				ASSETCATALOG_COMPILER_APPICON_NAME = AppIcon;
				CODE_SIGN_IDENTITY = "iPhone Developer";
				"CODE_SIGN_IDENTITY[sdk=iphoneos*]" = "iPhone Developer";
				EMBEDDED_CONTENT_CONTAINS_SWIFT = YES;
				FRAMEWORK_SEARCH_PATHS = (
					"$(inherited)",
					"$(PROJECT_DIR)",
					"$(PROJECT_DIR)/build/Debug-iphoneos",
				);
				INFOPLIST_FILE = ParkMe/Info.plist;
				IPHONEOS_DEPLOYMENT_TARGET = 9.3;
				LD_RUNPATH_SEARCH_PATHS = "$(inherited) @executable_path/Frameworks";
				ONLY_ACTIVE_ARCH = NO;
				PRODUCT_BUNDLE_IDENTIFIER = lftomazini;
				PRODUCT_NAME = "$(TARGET_NAME)";
				PROVISIONING_PROFILE = "";
				TARGETED_DEVICE_FAMILY = 1;
			};
			name = Release;
		};
		4011747B1C8555D000080D07 /* Debug */ = {
			isa = XCBuildConfiguration;
			buildSettings = {
				BUNDLE_LOADER = "$(TEST_HOST)";
				INFOPLIST_FILE = ParkMeTests/Info.plist;
				LD_RUNPATH_SEARCH_PATHS = "$(inherited) @executable_path/Frameworks @loader_path/Frameworks";
				PRODUCT_BUNDLE_IDENTIFIER = AC.ParkMeTests;
				PRODUCT_NAME = "$(TARGET_NAME)";
				TEST_HOST = "$(BUILT_PRODUCTS_DIR)/ParkMe.app/ParkMe";
			};
			name = Debug;
		};
		4011747C1C8555D000080D07 /* Release */ = {
			isa = XCBuildConfiguration;
			buildSettings = {
				BUNDLE_LOADER = "$(TEST_HOST)";
				INFOPLIST_FILE = ParkMeTests/Info.plist;
				LD_RUNPATH_SEARCH_PATHS = "$(inherited) @executable_path/Frameworks @loader_path/Frameworks";
				PRODUCT_BUNDLE_IDENTIFIER = AC.ParkMeTests;
				PRODUCT_NAME = "$(TARGET_NAME)";
				TEST_HOST = "$(BUILT_PRODUCTS_DIR)/ParkMe.app/ParkMe";
			};
			name = Release;
		};
		4011747E1C8555D000080D07 /* Debug */ = {
			isa = XCBuildConfiguration;
			buildSettings = {
				INFOPLIST_FILE = ParkMeUITests/Info.plist;
				LD_RUNPATH_SEARCH_PATHS = "$(inherited) @executable_path/Frameworks @loader_path/Frameworks";
				PRODUCT_BUNDLE_IDENTIFIER = AC.ParkMeUITests;
				PRODUCT_NAME = "$(TARGET_NAME)";
				TEST_TARGET_NAME = ParkMe;
				USES_XCTRUNNER = YES;
			};
			name = Debug;
		};
		4011747F1C8555D000080D07 /* Release */ = {
			isa = XCBuildConfiguration;
			buildSettings = {
				INFOPLIST_FILE = ParkMeUITests/Info.plist;
				LD_RUNPATH_SEARCH_PATHS = "$(inherited) @executable_path/Frameworks @loader_path/Frameworks";
				PRODUCT_BUNDLE_IDENTIFIER = AC.ParkMeUITests;
				PRODUCT_NAME = "$(TARGET_NAME)";
				TEST_TARGET_NAME = ParkMe;
				USES_XCTRUNNER = YES;
			};
			name = Release;
		};
		40371B0E1CD0F89F000737CC /* Debug */ = {
			isa = XCBuildConfiguration;
			buildSettings = {
				ASSETCATALOG_COMPILER_APPICON_NAME = AppIcon;
				ASSETCATALOG_COMPILER_LAUNCHIMAGE_NAME = LaunchImage;
				CLANG_ANALYZER_NONNULL = YES;
				CODE_SIGN_IDENTITY = "iPhone Developer";
				"CODE_SIGN_IDENTITY[sdk=iphoneos*]" = "iPhone Developer";
				INFOPLIST_FILE = "$(SRCROOT)/ParkMe/Info.plist";
				IPHONEOS_DEPLOYMENT_TARGET = 9.3;
				LD_RUNPATH_SEARCH_PATHS = "$(inherited) @executable_path/Frameworks @executable_path/../../Frameworks";
				PRODUCT_BUNDLE_IDENTIFIER = liyadong588.parkWidget;
				PRODUCT_NAME = "$(TARGET_NAME)";
				SKIP_INSTALL = YES;
			};
			name = Debug;
		};
		40371B0F1CD0F89F000737CC /* Release */ = {
			isa = XCBuildConfiguration;
			buildSettings = {
				ASSETCATALOG_COMPILER_APPICON_NAME = AppIcon;
				ASSETCATALOG_COMPILER_LAUNCHIMAGE_NAME = LaunchImage;
				CLANG_ANALYZER_NONNULL = YES;
				CODE_SIGN_IDENTITY = "iPhone Developer";
				"CODE_SIGN_IDENTITY[sdk=iphoneos*]" = "iPhone Developer";
				INFOPLIST_FILE = "$(SRCROOT)/ParkMe/Info.plist";
				IPHONEOS_DEPLOYMENT_TARGET = 9.3;
				LD_RUNPATH_SEARCH_PATHS = "$(inherited) @executable_path/Frameworks @executable_path/../../Frameworks";
				PRODUCT_BUNDLE_IDENTIFIER = liyadong588.parkWidget;
				PRODUCT_NAME = "$(TARGET_NAME)";
				SKIP_INSTALL = YES;
			};
			name = Release;
		};
		4056B1EA1CD6EEEC00C2F630 /* Debug */ = {
			isa = XCBuildConfiguration;
			buildSettings = {
				CLANG_ANALYZER_NONNULL = YES;
				CODE_SIGN_IDENTITY = "iPhone Developer";
				"CODE_SIGN_IDENTITY[sdk=iphoneos*]" = "iPhone Developer";
				INFOPLIST_FILE = todayWidget/Info.plist;
				LD_RUNPATH_SEARCH_PATHS = "$(inherited) @executable_path/Frameworks @executable_path/../../Frameworks";
				PRODUCT_BUNDLE_IDENTIFIER = lftomazini.todayWidget;
				PRODUCT_NAME = "$(TARGET_NAME)";
				SKIP_INSTALL = YES;
			};
			name = Debug;
		};
		4056B1EB1CD6EEEC00C2F630 /* Release */ = {
			isa = XCBuildConfiguration;
			buildSettings = {
				CLANG_ANALYZER_NONNULL = YES;
				CODE_SIGN_IDENTITY = "iPhone Developer";
				"CODE_SIGN_IDENTITY[sdk=iphoneos*]" = "iPhone Developer";
				INFOPLIST_FILE = todayWidget/Info.plist;
				LD_RUNPATH_SEARCH_PATHS = "$(inherited) @executable_path/Frameworks @executable_path/../../Frameworks";
				PRODUCT_BUNDLE_IDENTIFIER = lftomazini.todayWidget;
				PRODUCT_NAME = "$(TARGET_NAME)";
				SKIP_INSTALL = YES;
			};
			name = Release;
		};
/* End XCBuildConfiguration section */

/* Begin XCConfigurationList section */
		4011744A1C8555D000080D07 /* Build configuration list for PBXProject "ParkMe" */ = {
			isa = XCConfigurationList;
			buildConfigurations = (
				401174751C8555D000080D07 /* Debug */,
				401174761C8555D000080D07 /* Release */,
			);
			defaultConfigurationIsVisible = 0;
			defaultConfigurationName = Release;
		};
		401174771C8555D000080D07 /* Build configuration list for PBXNativeTarget "ParkMe" */ = {
			isa = XCConfigurationList;
			buildConfigurations = (
				401174781C8555D000080D07 /* Debug */,
				401174791C8555D000080D07 /* Release */,
			);
			defaultConfigurationIsVisible = 0;
			defaultConfigurationName = Release;
		};
		4011747A1C8555D000080D07 /* Build configuration list for PBXNativeTarget "ParkMeTests" */ = {
			isa = XCConfigurationList;
			buildConfigurations = (
				4011747B1C8555D000080D07 /* Debug */,
				4011747C1C8555D000080D07 /* Release */,
			);
			defaultConfigurationIsVisible = 0;
			defaultConfigurationName = Release;
		};
		4011747D1C8555D000080D07 /* Build configuration list for PBXNativeTarget "ParkMeUITests" */ = {
			isa = XCConfigurationList;
			buildConfigurations = (
				4011747E1C8555D000080D07 /* Debug */,
				4011747F1C8555D000080D07 /* Release */,
			);
			defaultConfigurationIsVisible = 0;
			defaultConfigurationName = Release;
		};
		40371B0D1CD0F89F000737CC /* Build configuration list for PBXNativeTarget "parkWidget" */ = {
			isa = XCConfigurationList;
			buildConfigurations = (
				40371B0E1CD0F89F000737CC /* Debug */,
				40371B0F1CD0F89F000737CC /* Release */,
			);
			defaultConfigurationIsVisible = 0;
			defaultConfigurationName = Release;
		};
		4056B1E91CD6EEEC00C2F630 /* Build configuration list for PBXNativeTarget "todayWidget" */ = {
			isa = XCConfigurationList;
			buildConfigurations = (
				4056B1EA1CD6EEEC00C2F630 /* Debug */,
				4056B1EB1CD6EEEC00C2F630 /* Release */,
			);
			defaultConfigurationIsVisible = 0;
		};
/* End XCConfigurationList section */
	};
	rootObject = 401174471C8555D000080D07 /* Project object */;
}
